
Microsoft Visual Studio Solution File, Format Version 10.00
# Visual Studio 2008
Project("{8BC9CEB8-8B4A-11D0-8D11-00A0C91BC942}") = "core", "core\core.vcproj", "{7C3CC219-55BC-4862-B247-49BE10D7A397}"
EndProject
Project("{8BC9CEB8-8B4A-11D0-8D11-00A0C91BC942}") = "collada_importer", "collada_importer\collada_importer.vcproj", "{5563C46F-C5DA-4BB8-8FF1-A2D638829921}"
	ProjectSection(ProjectDependencies) = postProject
		{97E535DF-466C-49F3-8BEC-2C3CB74E2C53} = {97E535DF-466C-49F3-8BEC-2C3CB74E2C53}
	EndProjectSection
EndProject
Project("{8BC9CEB8-8B4A-11D0-8D11-00A0C91BC942}") = "engine", "engine\engine.vcproj", "{38969DC2-413C-4362-B97A-9BE0538D2DA8}"
	ProjectSection(ProjectDependencies) = postProject
		{7C3CC219-55BC-4862-B247-49BE10D7A397} = {7C3CC219-55BC-4862-B247-49BE10D7A397}
	EndProjectSection
EndProject
Project("{8BC9CEB8-8B4A-11D0-8D11-00A0C91BC942}") = "gui", "gui\gui.vcproj", "{97E535DF-466C-49F3-8BEC-2C3CB74E2C53}"
	ProjectSection(ProjectDependencies) = postProject
		{38969DC2-413C-4362-B97A-9BE0538D2DA8} = {38969DC2-413C-4362-B97A-9BE0538D2DA8}
	EndProjectSection
EndProject
Project("{8BC9CEB8-8B4A-11D0-8D11-00A0C91BC942}") = "batcher", "batcher\batcher.vcproj", "{F0648CDC-89DF-4F2A-A317-06B417BF4B56}"
	ProjectSection(ProjectDependencies) = postProject
		{5563C46F-C5DA-4BB8-8FF1-A2D638829921} = {5563C46F-C5DA-4BB8-8FF1-A2D638829921}
		{97E535DF-466C-49F3-8BEC-2C3CB74E2C53} = {97E535DF-466C-49F3-8BEC-2C3CB74E2C53}
	EndProjectSection
EndProject
Project("{8BC9CEB8-8B4A-11D0-8D11-00A0C91BC942}") = "viewer", "viewer\viewer.vcproj", "{C7056120-5EBF-4AD0-8773-1A85815D5E0F}"
	ProjectSection(ProjectDependencies) = postProject
		{5528B1CC-9D28-4183-AF71-BBA321226CCA} = {5528B1CC-9D28-4183-AF71-BBA321226CCA}
		{97E535DF-466C-49F3-8BEC-2C3CB74E2C53} = {97E535DF-466C-49F3-8BEC-2C3CB74E2C53}
	EndProjectSection
EndProject
Project("{8BC9CEB8-8B4A-11D0-8D11-00A0C91BC942}") = "tester", "tester\tester.vcproj", "{5528B1CC-9D28-4183-AF71-BBA321226CCA}"
	ProjectSection(ProjectDependencies) = postProject
		{F0648CDC-89DF-4F2A-A317-06B417BF4B56} = {F0648CDC-89DF-4F2A-A317-06B417BF4B56}
		{97E535DF-466C-49F3-8BEC-2C3CB74E2C53} = {97E535DF-466C-49F3-8BEC-2C3CB74E2C53}
	EndProjectSection
EndProject
Project("{2150E333-8FDC-42A3-9474-1A3956D46DE8}") = "engine", "engine", "{7FF70BE6-D149-47D2-8B23-6CFF066CEB8D}"
EndProject
Project("{2150E333-8FDC-42A3-9474-1A3956D46DE8}") = "tool", "tool", "{AB4E664C-D4FC-420E-B856-7399066649CF}"
EndProject
Project("{2150E333-8FDC-42A3-9474-1A3956D46DE8}") = "game", "game", "{37253C9A-BB0F-4518-A4FA-F28FDE011708}"
EndProject
Project("{8BC9CEB8-8B4A-11D0-8D11-00A0C91BC942}") = "hello_world", "hello_world\hello_world.vcproj", "{3B992E42-F037-4A06-ABFB-E9E05737F706}"
	ProjectSection(ProjectDependencies) = postProject
		{97E535DF-466C-49F3-8BEC-2C3CB74E2C53} = {97E535DF-466C-49F3-8BEC-2C3CB74E2C53}
	EndProjectSection
EndProject
Global
	GlobalSection(SolutionConfigurationPlatforms) = preSolution
		Debug_OpenGL|Win32 = Debug_OpenGL|Win32
		Debug|Win32 = Debug|Win32
		Release_OpenGL|Win32 = Release_OpenGL|Win32
		Release|Win32 = Release|Win32
	EndGlobalSection
	GlobalSection(ProjectConfigurationPlatforms) = postSolution
		{7C3CC219-55BC-4862-B247-49BE10D7A397}.Debug_OpenGL|Win32.ActiveCfg = Debug_OpenGL|Win32
		{7C3CC219-55BC-4862-B247-49BE10D7A397}.Debug_OpenGL|Win32.Build.0 = Debug_OpenGL|Win32
		{7C3CC219-55BC-4862-B247-49BE10D7A397}.Debug|Win32.ActiveCfg = Debug|Win32
		{7C3CC219-55BC-4862-B247-49BE10D7A397}.Debug|Win32.Build.0 = Debug|Win32
		{7C3CC219-55BC-4862-B247-49BE10D7A397}.Release_OpenGL|Win32.ActiveCfg = Release_OpenGL|Win32
		{7C3CC219-55BC-4862-B247-49BE10D7A397}.Release_OpenGL|Win32.Build.0 = Release_OpenGL|Win32
		{7C3CC219-55BC-4862-B247-49BE10D7A397}.Release|Win32.ActiveCfg = Release|Win32
		{7C3CC219-55BC-4862-B247-49BE10D7A397}.Release|Win32.Build.0 = Release|Win32
		{5563C46F-C5DA-4BB8-8FF1-A2D638829921}.Debug_OpenGL|Win32.ActiveCfg = Debug_OpenGL|Win32
		{5563C46F-C5DA-4BB8-8FF1-A2D638829921}.Debug_OpenGL|Win32.Build.0 = Debug_OpenGL|Win32
		{5563C46F-C5DA-4BB8-8FF1-A2D638829921}.Debug|Win32.ActiveCfg = Debug|Win32
		{5563C46F-C5DA-4BB8-8FF1-A2D638829921}.Debug|Win32.Build.0 = Debug|Win32
		{5563C46F-C5DA-4BB8-8FF1-A2D638829921}.Release_OpenGL|Win32.ActiveCfg = Release_OpenGL|Win32
		{5563C46F-C5DA-4BB8-8FF1-A2D638829921}.Release_OpenGL|Win32.Build.0 = Release_OpenGL|Win32
		{5563C46F-C5DA-4BB8-8FF1-A2D638829921}.Release|Win32.ActiveCfg = Release|Win32
		{5563C46F-C5DA-4BB8-8FF1-A2D638829921}.Release|Win32.Build.0 = Release|Win32
		{38969DC2-413C-4362-B97A-9BE0538D2DA8}.Debug_OpenGL|Win32.ActiveCfg = Debug_OpenGL|Win32
		{38969DC2-413C-4362-B97A-9BE0538D2DA8}.Debug_OpenGL|Win32.Build.0 = Debug_OpenGL|Win32
		{38969DC2-413C-4362-B97A-9BE0538D2DA8}.Debug|Win32.ActiveCfg = Debug|Win32
		{38969DC2-413C-4362-B97A-9BE0538D2DA8}.Debug|Win32.Build.0 = Debug|Win32
		{38969DC2-413C-4362-B97A-9BE0538D2DA8}.Release_OpenGL|Win32.ActiveCfg = Release_OpenGL|Win32
		{38969DC2-413C-4362-B97A-9BE0538D2DA8}.Release_OpenGL|Win32.Build.0 = Release_OpenGL|Win32
		{38969DC2-413C-4362-B97A-9BE0538D2DA8}.Release|Win32.ActiveCfg = Release|Win32
		{38969DC2-413C-4362-B97A-9BE0538D2DA8}.Release|Win32.Build.0 = Release|Win32
		{97E535DF-466C-49F3-8BEC-2C3CB74E2C53}.Debug_OpenGL|Win32.ActiveCfg = Debug_OpenGL|Win32
		{97E535DF-466C-49F3-8BEC-2C3CB74E2C53}.Debug_OpenGL|Win32.Build.0 = Debug_OpenGL|Win32
		{97E535DF-466C-49F3-8BEC-2C3CB74E2C53}.Debug|Win32.ActiveCfg = Debug|Win32
		{97E535DF-466C-49F3-8BEC-2C3CB74E2C53}.Debug|Win32.Build.0 = Debug|Win32
		{97E535DF-466C-49F3-8BEC-2C3CB74E2C53}.Release_OpenGL|Win32.ActiveCfg = Release_OpenGL|Win32
		{97E535DF-466C-49F3-8BEC-2C3CB74E2C53}.Release_OpenGL|Win32.Build.0 = Release_OpenGL|Win32
		{97E535DF-466C-49F3-8BEC-2C3CB74E2C53}.Release|Win32.ActiveCfg = Release|Win32
		{97E535DF-466C-49F3-8BEC-2C3CB74E2C53}.Release|Win32.Build.0 = Release|Win32
		{F0648CDC-89DF-4F2A-A317-06B417BF4B56}.Debug_OpenGL|Win32.ActiveCfg = Debug_OpenGL|Win32
		{F0648CDC-89DF-4F2A-A317-06B417BF4B56}.Debug_OpenGL|Win32.Build.0 = Debug_OpenGL|Win32
		{F0648CDC-89DF-4F2A-A317-06B417BF4B56}.Debug|Win32.ActiveCfg = Debug|Win32
		{F0648CDC-89DF-4F2A-A317-06B417BF4B56}.Debug|Win32.Build.0 = Debug|Win32
		{F0648CDC-89DF-4F2A-A317-06B417BF4B56}.Release_OpenGL|Win32.ActiveCfg = Release_OpenGL|Win32
		{F0648CDC-89DF-4F2A-A317-06B417BF4B56}.Release_OpenGL|Win32.Build.0 = Release_OpenGL|Win32
		{F0648CDC-89DF-4F2A-A317-06B417BF4B56}.Release|Win32.ActiveCfg = Release|Win32
		{F0648CDC-89DF-4F2A-A317-06B417BF4B56}.Release|Win32.Build.0 = Release|Win32
		{C7056120-5EBF-4AD0-8773-1A85815D5E0F}.Debug_OpenGL|Win32.ActiveCfg = Debug_OpenGL|Win32
		{C7056120-5EBF-4AD0-8773-1A85815D5E0F}.Debug_OpenGL|Win32.Build.0 = Debug_OpenGL|Win32
		{C7056120-5EBF-4AD0-8773-1A85815D5E0F}.Debug|Win32.ActiveCfg = Debug|Win32
		{C7056120-5EBF-4AD0-8773-1A85815D5E0F}.Debug|Win32.Build.0 = Debug|Win32
		{C7056120-5EBF-4AD0-8773-1A85815D5E0F}.Release_OpenGL|Win32.ActiveCfg = Release_OpenGL|Win32
		{C7056120-5EBF-4AD0-8773-1A85815D5E0F}.Release_OpenGL|Win32.Build.0 = Release_OpenGL|Win32
		{C7056120-5EBF-4AD0-8773-1A85815D5E0F}.Release|Win32.ActiveCfg = Release|Win32
		{C7056120-5EBF-4AD0-8773-1A85815D5E0F}.Release|Win32.Build.0 = Release|Win32
		{5528B1CC-9D28-4183-AF71-BBA321226CCA}.Debug_OpenGL|Win32.ActiveCfg = Debug_OpenGL|Win32
		{5528B1CC-9D28-4183-AF71-BBA321226CCA}.Debug_OpenGL|Win32.Build.0 = Debug_OpenGL|Win32
		{5528B1CC-9D28-4183-AF71-BBA321226CCA}.Debug|Win32.ActiveCfg = Debug|Win32
		{5528B1CC-9D28-4183-AF71-BBA321226CCA}.Debug|Win32.Build.0 = Debug|Win32
		{5528B1CC-9D28-4183-AF71-BBA321226CCA}.Release_OpenGL|Win32.ActiveCfg = Release_OpenGL|Win32
		{5528B1CC-9D28-4183-AF71-BBA321226CCA}.Release_OpenGL|Win32.Build.0 = Release_OpenGL|Win32
		{5528B1CC-9D28-4183-AF71-BBA321226CCA}.Release|Win32.ActiveCfg = Release|Win32
		{5528B1CC-9D28-4183-AF71-BBA321226CCA}.Release|Win32.Build.0 = Release|Win32
		{3B992E42-F037-4A06-ABFB-E9E05737F706}.Debug_OpenGL|Win32.ActiveCfg = Debug_OpenGL|Win32
		{3B992E42-F037-4A06-ABFB-E9E05737F706}.Debug_OpenGL|Win32.Build.0 = Debug_OpenGL|Win32
		{3B992E42-F037-4A06-ABFB-E9E05737F706}.Debug|Win32.ActiveCfg = Debug|Win32
		{3B992E42-F037-4A06-ABFB-E9E05737F706}.Debug|Win32.Build.0 = Debug|Win32
		{3B992E42-F037-4A06-ABFB-E9E05737F706}.Release_OpenGL|Win32.ActiveCfg = Release_OpenGL|Win32
		{3B992E42-F037-4A06-ABFB-E9E05737F706}.Release_OpenGL|Win32.Build.0 = Release_OpenGL|Win32
		{3B992E42-F037-4A06-ABFB-E9E05737F706}.Release|Win32.ActiveCfg = Release|Win32
		{3B992E42-F037-4A06-ABFB-E9E05737F706}.Release|Win32.Build.0 = Release|Win32
	EndGlobalSection
	GlobalSection(SolutionProperties) = preSolution
		HideSolutionNode = FALSE
	EndGlobalSection
	GlobalSection(NestedProjects) = preSolution
		{38969DC2-413C-4362-B97A-9BE0538D2DA8} = {7FF70BE6-D149-47D2-8B23-6CFF066CEB8D}
		{97E535DF-466C-49F3-8BEC-2C3CB74E2C53} = {7FF70BE6-D149-47D2-8B23-6CFF066CEB8D}
		{7C3CC219-55BC-4862-B247-49BE10D7A397} = {7FF70BE6-D149-47D2-8B23-6CFF066CEB8D}
		{F0648CDC-89DF-4F2A-A317-06B417BF4B56} = {AB4E664C-D4FC-420E-B856-7399066649CF}
		{5528B1CC-9D28-4183-AF71-BBA321226CCA} = {AB4E664C-D4FC-420E-B856-7399066649CF}
		{5563C46F-C5DA-4BB8-8FF1-A2D638829921} = {AB4E664C-D4FC-420E-B856-7399066649CF}
		{C7056120-5EBF-4AD0-8773-1A85815D5E0F} = {37253C9A-BB0F-4518-A4FA-F28FDE011708}
		{3B992E42-F037-4A06-ABFB-E9E05737F706} = {37253C9A-BB0F-4518-A4FA-F28FDE011708}
	EndGlobalSection
EndGlobal
